[[tools.jq]]
version = "1.7.1"
backend = "aqua:jqlang/jq"

[tools.jq.platforms.linux-x64]
checksum = "sha256:5942c9b0934e510ee61eb3e30273f1b3fe2590df93933a93d7c58b81d19c8ff5"
url = "https://github.com/jqlang/jq/releases/download/jq-1.7.1/jq-linux-amd64"

[tools.jq.platforms.linux-arm64]
checksum = "sha256:4dd2d8a0661df0b22f1bb9a1f9830f06b6f3b8f7d91211a1ef5d7c4f06a8b4a5"
url = "https://github.com/jqlang/jq/releases/download/jq-1.7.1/jq-linux-arm64"
